<?xml version="1.0" encoding="utf-8"?>
<Project ToolsVersion="4.0" xmlns="http://schemas.microsoft.com/developer/msbuild/2003">
  <ItemGroup>
    <Filter Include="Source Files">
      <UniqueIdentifier>{4FC737F1-C7A5-4376-A066-2A32D752A2FF}</UniqueIdentifier>
      <Extensions>cpp;c;cc;cxx;c++;cppm;ixx;def;odl;idl;hpj;bat;asm;asmx</Extensions>
    </Filter>
    <Filter Include="Header Files">
      <UniqueIdentifier>{93995380-89BD-4b04-88EB-625FBE52EBFB}</UniqueIdentifier>
      <Extensions>h;hh;hpp;hxx;h++;hm;inl;inc;ipp;xsd</Extensions>
    </Filter>
    <Filter Include="Resource Files">
      <UniqueIdentifier>{67DA6AB6-F800-4c08-8B7A-83BB121AAD01}</UniqueIdentifier>
      <Extensions>rc;ico;cur;bmp;dlg;rc2;rct;bin;rgs;gif;jpg;jpeg;jpe;resx;tiff;tif;png;wav;mfcribbon-ms</Extensions>
    </Filter>
  </ItemGroup>
  <ItemGroup>
    <ClCompile Include="src\main.c">
      <Filter>Source Files</Filter>
    </ClCompile>
    <ClCompile Include="src\core\must_init.c">
      <Filter>Source Files</Filter>
    </ClCompile>
    <ClCompile Include="src\fases\fase2\fase2.c">
      <Filter>Source Files</Filter>
    </ClCompile>
    <ClCompile Include="src\core\tela.c">
      <Filter>Source Files</Filter>
    </ClCompile>
    <ClCompile Include="src\core\inputs\teclado.c">
      <Filter>Source Files</Filter>
    </ClCompile>
    <ClCompile Include="src\fases\fase2\mouse_fase2.c">
      <Filter>Source Files</Filter>
    </ClCompile>
    <ClCompile Include="src\core\sprites\sprites_soldados.c">
      <Filter>Source Files</Filter>
    </ClCompile>
    <ClCompile Include="src\fases\fase2\tiros_fase2.c">
      <Filter>Source Files</Filter>
    </ClCompile>
    <ClCompile Include="src\fases\fase2\inimigos_fase2.c">
      <Filter>Source Files</Filter>
    </ClCompile>
    <ClCompile Include="src\fases\fase2\soldado_fase2.c">
      <Filter>Source Files</Filter>
    </ClCompile>
    <ClCompile Include="src\fases\fase2\hud_fase2.c">
      <Filter>Source Files</Filter>
    </ClCompile>
    <ClCompile Include="src\fases\fase2\coisas_gerais_fase2.c">
      <Filter>Source Files</Filter>
    </ClCompile>
    <ClCompile Include="src\core\tela_menu.c">
      <Filter>Source Files</Filter>
    </ClCompile>
  </ItemGroup>
  <ItemGroup>
    <None Include="packages.config" />
    <None Include="assets\sounds\explode1.flac" />
    <None Include="assets\sounds\explode2.flac" />
    <None Include="assets\sounds\music.opus" />
    <None Include="assets\sounds\shot.flac" />
  </ItemGroup>
  <ItemGroup>
    <Media Include="assets\sounds\elephant.wav">
      <Filter>Resource Files</Filter>
    </Media>
  </ItemGroup>
  <ItemGroup>
    <Image Include="assets\images\spritesheet.png">
      <Filter>Resource Files</Filter>
    </Image>
  </ItemGroup>
  <ItemGroup>
    <ClInclude Include="include\core\must_init.h">
      <Filter>Header Files</Filter>
    </ClInclude>
    <ClInclude Include="include\fases\fase2\fase2.h">
      <Filter>Header Files</Filter>
    </ClInclude>
    <ClInclude Include="include\core\tela.h">
      <Filter>Header Files</Filter>
    </ClInclude>
    <ClInclude Include="include\configs\config_tela.h">
      <Filter>Header Files</Filter>
    </ClInclude>
    <ClInclude Include="include\core\inputs\teclado.h">
      <Filter>Header Files</Filter>
    </ClInclude>
    <ClInclude Include="include\fases\fase2\mouse_fase2.h">
      <Filter>Header Files</Filter>
    </ClInclude>
    <ClInclude Include="include\configs\sprites\config_sprites_soldados.h">
      <Filter>Header Files</Filter>
    </ClInclude>
    <ClInclude Include="include\core\sprites\sprites_soldados.h">
      <Filter>Header Files</Filter>
    </ClInclude>
    <ClInclude Include="include\fases\fase2\tiros_fase2.h">
      <Filter>Header Files</Filter>
    </ClInclude>
    <ClInclude Include="include\fases\fase2\soldado_fase2.h">
      <Filter>Header Files</Filter>
    </ClInclude>
    <ClInclude Include="include\fases\fase2\inimigos_fase2.h">
      <Filter>Header Files</Filter>
    </ClInclude>
    <ClInclude Include="include\fases\fase2\hud_fase2.h">
      <Filter>Header Files</Filter>
    </ClInclude>
    <ClInclude Include="include\fases\fase2\coisas_gerais_fase2.h">
      <Filter>Header Files</Filter>
    </ClInclude>
    <ClInclude Include="include\core\tela_menu.h">
      <Filter>Header Files</Filter>
    </ClInclude>
    <ClInclude Include="include\configs\globals.h">
      <Filter>Header Files</Filter>
    </ClInclude>
  </ItemGroup>
</Project>