<?xml version="1.0" encoding="utf-8"?>
<Project ToolsVersion="4.0" xmlns="http://schemas.microsoft.com/developer/msbuild/2003">
  <ItemGroup>
    <Filter Include="Source Files">
      <UniqueIdentifier>{4FC737F1-C7A5-4376-A066-2A32D752A2FF}</UniqueIdentifier>
      <Extensions>cpp;c;cc;cxx;c++;cppm;ixx;def;odl;idl;hpj;bat;asm;asmx</Extensions>
    </Filter>
    <Filter Include="Header Files">
      <UniqueIdentifier>{93995380-89BD-4b04-88EB-625FBE52EBFB}</UniqueIdentifier>
      <Extensions>h;hh;hpp;hxx;h++;hm;inl;inc;ipp;xsd</Extensions>
    </Filter>
    <Filter Include="Resource Files">
      <UniqueIdentifier>{67DA6AB6-F800-4c08-8B7A-83BB121AAD01}</UniqueIdentifier>
      <Extensions>rc;ico;cur;bmp;dlg;rc2;rct;bin;rgs;gif;jpg;jpeg;jpe;resx;tiff;tif;png;wav;mfcribbon-ms</Extensions>
    </Filter>
  </ItemGroup>
  <ItemGroup>
    <ClCompile Include="src\main.c">
      <Filter>Source Files</Filter>
    </ClCompile>
    <ClCompile Include="src\fases\fase2\fase2.c">
      <Filter>Source Files</Filter>
    </ClCompile>
    <ClCompile Include="src\core\tela_utils.c">
      <Filter>Source Files</Filter>
    </ClCompile>
    <ClCompile Include="src\core\teclado.c">
      <Filter>Source Files</Filter>
    </ClCompile>
    <ClCompile Include="src\fases\fase2\mouse_fase2.c">
      <Filter>Source Files</Filter>
    </ClCompile>
    <ClCompile Include="src\core\sprites\soldados_sprites.c">
      <Filter>Source Files</Filter>
    </ClCompile>
    <ClCompile Include="src\fases\fase2\tiros_fase2.c">
      <Filter>Source Files</Filter>
    </ClCompile>
    <ClCompile Include="src\fases\fase2\inimigos_fase2.c">
      <Filter>Source Files</Filter>
    </ClCompile>
    <ClCompile Include="src\fases\fase2\soldado_fase2.c">
      <Filter>Source Files</Filter>
    </ClCompile>
    <ClCompile Include="src\fases\fase2\hud_fase2.c">
      <Filter>Source Files</Filter>
    </ClCompile>
    <ClCompile Include="src\fases\fase2\coisas_gerais_fase2.c">
      <Filter>Source Files</Filter>
    </ClCompile>
    <ClCompile Include="src\telas\tela_menu.c">
      <Filter>Source Files</Filter>
    </ClCompile>
    <ClCompile Include="src\fases\fase1\fase1.c">
      <Filter>Source Files</Filter>
    </ClCompile>
    <ClCompile Include="src\core\sprites\navios_sprites.c">
      <Filter>Source Files</Filter>
    </ClCompile>
    <ClCompile Include="src\telas\telas_gameplay.c">
      <Filter>Source Files</Filter>
    </ClCompile>
    <ClCompile Include="src\telas\intro_fase.c">
      <Filter>Source Files</Filter>
    </ClCompile>
    <ClCompile Include="src\core\funcoes_auxiliares.c">
      <Filter>Source Files</Filter>
    </ClCompile>
    <ClCompile Include="src\core\sprites\sprites_util.c">
      <Filter>Source Files</Filter>
    </ClCompile>
    <ClCompile Include="src\fases\fase4\fase4.c">
      <Filter>Source Files</Filter>
    </ClCompile>
    <ClCompile Include="src\fases\fase3\fase3.c">
      <Filter>Source Files</Filter>
    </ClCompile>
    <ClCompile Include="src\fases\fase3\hud_fase3.c">
      <Filter>Source Files</Filter>
    </ClCompile>
    <ClCompile Include="src\telas\cutscenes.c">
      <Filter>Source Files</Filter>
    </ClCompile>
    <ClCompile Include="src\fases\fase4\solano.c">
      <Filter>Source Files</Filter>
    </ClCompile>
  </ItemGroup>
  <ItemGroup>
    <None Include="packages.config" />
    <None Include="assets\sounds\explode1.flac" />
    <None Include="assets\sounds\explode2.flac" />
    <None Include="assets\sounds\menu_trilha.ogg" />
    <None Include="assets\sounds\fase_battle_trilha.ogg" />
    <None Include="build\Release\assets\sounds\explode1.flac" />
    <None Include="build\Release\assets\sounds\explode2.flac" />
    <None Include="build\Release\assets\sounds\fase_battle_trilha.ogg" />
    <None Include="build\Release\assets\sounds\menu_trilha.ogg" />
  </ItemGroup>
  <ItemGroup>
    <Image Include="assets\images\spritesheets\tutorial_spritesheet.png">
      <Filter>Resource Files</Filter>
    </Image>
    <Image Include="assets\images\background_menu.bmp">
      <Filter>Resource Files</Filter>
    </Image>
    <Image Include="assets\images\spritesheets\soldados_spritesheet.png">
      <Filter>Resource Files</Filter>
    </Image>
    <Image Include="assets\images\rio_background.png">
      <Filter>Resource Files</Filter>
    </Image>
    <Image Include="assets\images\spritesheets\navios_spritesheet.png">
      <Filter>Resource Files</Filter>
    </Image>
    <Image Include="assets\images\spritesheets\spritesheet_util.png">
      <Filter>Resource Files</Filter>
    </Image>
    <Image Include="assets\images\fase3_fundo.png">
      <Filter>Resource Files</Filter>
    </Image>
    <Image Include="assets\images\fase2_fundo.png">
      <Filter>Resource Files</Filter>
    </Image>
    <Image Include="assets\images\fase1_fundo.png">
      <Filter>Resource Files</Filter>
    </Image>
    <Image Include="assets\images\fase4_fundo.png">
      <Filter>Resource Files</Filter>
    </Image>
    <Image Include="build\Release\assets\images\spritesheets\navios_spritesheet.png">
      <Filter>Resource Files</Filter>
    </Image>
    <Image Include="build\Release\assets\images\spritesheets\soldados_spritesheet.png">
      <Filter>Resource Files</Filter>
    </Image>
    <Image Include="build\Release\assets\images\spritesheets\spritesheet_util.png">
      <Filter>Resource Files</Filter>
    </Image>
    <Image Include="build\Release\assets\images\spritesheets\tutorial_spritesheet.png">
      <Filter>Resource Files</Filter>
    </Image>
    <Image Include="build\Release\assets\images\background_menu.bmp">
      <Filter>Resource Files</Filter>
    </Image>
    <Image Include="build\Release\assets\images\fase1_fundo.png">
      <Filter>Resource Files</Filter>
    </Image>
    <Image Include="build\Release\assets\images\fase2_fundo.png">
      <Filter>Resource Files</Filter>
    </Image>
    <Image Include="build\Release\assets\images\fase3_fundo.png">
      <Filter>Resource Files</Filter>
    </Image>
    <Image Include="build\Release\assets\images\fase4_fundo.png">
      <Filter>Resource Files</Filter>
    </Image>
    <Image Include="build\Release\assets\images\rio_background.png">
      <Filter>Resource Files</Filter>
    </Image>
    <Image Include="assets\images\inicial_fundo.png">
      <Filter>Resource Files</Filter>
    </Image>
  </ItemGroup>
  <ItemGroup>
    <ClInclude Include="include\fases\fase2\fase2.h">
      <Filter>Header Files</Filter>
    </ClInclude>
    <ClInclude Include="include\core\tela_utils.h">
      <Filter>Header Files</Filter>
    </ClInclude>
    <ClInclude Include="include\core\teclado.h">
      <Filter>Header Files</Filter>
    </ClInclude>
    <ClInclude Include="include\fases\fase2\mouse_fase2.h">
      <Filter>Header Files</Filter>
    </ClInclude>
    <ClInclude Include="include\core\sprites\soldados_sprites.h">
      <Filter>Header Files</Filter>
    </ClInclude>
    <ClInclude Include="include\fases\fase2\tiros_fase2.h">
      <Filter>Header Files</Filter>
    </ClInclude>
    <ClInclude Include="include\fases\fase2\soldado_fase2.h">
      <Filter>Header Files</Filter>
    </ClInclude>
    <ClInclude Include="include\fases\fase2\inimigos_fase2.h">
      <Filter>Header Files</Filter>
    </ClInclude>
    <ClInclude Include="include\fases\fase2\hud_fase2.h">
      <Filter>Header Files</Filter>
    </ClInclude>
    <ClInclude Include="include\fases\fase2\coisas_gerais_fase2.h">
      <Filter>Header Files</Filter>
    </ClInclude>
    <ClInclude Include="include\telas\tela_menu.h">
      <Filter>Header Files</Filter>
    </ClInclude>
    <ClInclude Include="include\main.h">
      <Filter>Header Files</Filter>
    </ClInclude>
    <ClInclude Include="include\core\sprites\navios_sprites.h">
      <Filter>Header Files</Filter>
    </ClInclude>
    <ClInclude Include="include\telas\telas_gameplay.h">
      <Filter>Header Files</Filter>
    </ClInclude>
    <ClInclude Include="include\telas\intro_fase.h">
      <Filter>Header Files</Filter>
    </ClInclude>
    <ClInclude Include="include\core\funcoes_auxiliares.h">
      <Filter>Header Files</Filter>
    </ClInclude>
    <ClInclude Include="include\core\sprites\sprites_util.h">
      <Filter>Header Files</Filter>
    </ClInclude>
    <ClInclude Include="include\fases\fase4\fase4.h">
      <Filter>Header Files</Filter>
    </ClInclude>
    <ClInclude Include="include\fases\fase3\fase3.h">
      <Filter>Header Files</Filter>
    </ClInclude>
    <ClInclude Include="include\fases\fase3\hud_fase3.h">
      <Filter>Header Files</Filter>
    </ClInclude>
    <ClInclude Include="include\telas\cutscenes.h">
      <Filter>Header Files</Filter>
    </ClInclude>
    <ClInclude Include="include\fases\fase4\solano.h">
      <Filter>Header Files</Filter>
    </ClInclude>
  </ItemGroup>
  <ItemGroup>
    <Font Include="assets\fonts\font_titulo.ttf" />
    <Font Include="assets\fonts\CinzelDecorative-Black.ttf" />
    <Font Include="assets\fonts\CinzelDecorative-Bold.ttf" />
    <Font Include="assets\fonts\Cinzel-ExtraBold.ttf" />
    <Font Include="assets\fonts\upheavtt.ttf" />
    <Font Include="build\Release\assets\fonts\CinzelDecorative-Black.ttf" />
    <Font Include="build\Release\assets\fonts\CinzelDecorative-Bold.ttf" />
    <Font Include="build\Release\assets\fonts\Cinzel-ExtraBold.ttf" />
    <Font Include="build\Release\assets\fonts\upheavtt.ttf" />
  </ItemGroup>
  <ItemGroup>
    <Media Include="assets\sounds\gun_shot.mp3" />
    <Media Include="assets\sounds\intro_fase_trilha.wav">
      <Filter>Resource Files</Filter>
    </Media>
    <Media Include="assets\sounds\fase_background.mp3" />
    <Media Include="assets\sounds\text_bip.wav">
      <Filter>Resource Files</Filter>
    </Media>
    <Media Include="build\Release\assets\sounds\fase_background.mp3" />
    <Media Include="build\Release\assets\sounds\gun_shot.mp3" />
    <Media Include="build\Release\assets\sounds\intro_fase_trilha.wav">
      <Filter>Resource Files</Filter>
    </Media>
    <Media Include="build\Release\assets\sounds\text_bip.wav">
      <Filter>Resource Files</Filter>
    </Media>
  </ItemGroup>
</Project>